{
  "requires": true,
  "lockfileVersion": 1,
  "dependencies": {
    "@types/cookiejar": {
      "version": "2.1.0",
      "resolved": "https://registry.npmjs.org/@types/cookiejar/-/cookiejar-2.1.0.tgz",
      "integrity": "sha512-EIjmpvnHj+T4nMcKwHwxZKUfDmphIKJc2qnEMhSoOvr1lYEQpuRKRz8orWr//krYIIArS/KGGLfL2YGVUYXmIA=="
    },
    "@types/node": {
      "version": "10.12.0",
      "resolved": "https://registry.npmjs.org/@types/node/-/node-10.12.0.tgz",
      "integrity": "sha512-3TUHC3jsBAB7qVRGxT6lWyYo2v96BMmD2PTcl47H25Lu7UXtFH/2qqmKiVrnel6Ne//0TFYf6uvNX+HW2FRkLQ=="
    },
    "@types/superagent": {
      "version": "3.8.4",
      "resolved": "https://registry.npmjs.org/@types/superagent/-/superagent-3.8.4.tgz",
      "integrity": "sha512-Dnh0Iw6NO55z1beXvlsvUrfk4cd9eL2nuTmUk+rAhSVCk10PGGFbqCCTwbau9D0d2W3DITiXl4z8VCqppGkMPQ==",
      "requires": {
        "@types/cookiejar": "*",
        "@types/node": "*"
      }
    },
    "tslib": {
      "version": "1.9.3",
      "resolved": "https://registry.npmjs.org/tslib/-/tslib-1.9.3.tgz",
      "integrity": "sha512-4krF8scpejhaOgqzBEcGM7yDIEfi0/8+8zDRZhNZZ2kjmHJ4hv3zCbQWxoJGz1iw5U0Jl0nma13xzHXcncMavQ=="
    }
  }
}
